
Microsoft Visual Studio Solution File, Format Version 12.00
# Visual Studio Version 17
VisualStudioVersion = 17.8.34322.80
MinimumVisualStudioVersion = 10.0.40219.1
Project("{9A19103F-16F7-4668-BE54-9A1E7A4F7556}") = "Intent.NuGetReferenceUpdater", "Intent.NuGetReferenceUpdater\Intent.NuGetReferenceUpdater.csproj", "{00E3F308-7389-44B1-9746-A72CC9E9BB47}"
EndProject
Global
	GlobalSection(SolutionConfigurationPlatforms) = preSolution
		Debug|Any CPU = Debug|Any CPU
		Release|Any CPU = Release|Any CPU
	EndGlobalSection
	GlobalSection(ProjectConfigurationPlatforms) = postSolution
		{00E3F308-7389-44B1-9746-A72CC9E9BB47}.Debug|Any CPU.ActiveCfg = Debug|Any CPU
		{00E3F308-7389-44B1-9746-A72CC9E9BB47}.Debug|Any CPU.Build.0 = Debug|Any CPU
		{00E3F308-7389-44B1-9746-A72CC9E9BB47}.Release|Any CPU.ActiveCfg = Release|Any CPU
		{00E3F308-7389-44B1-9746-A72CC9E9BB47}.Release|Any CPU.Build.0 = Release|Any CPU
	EndGlobalSection
	GlobalSection(SolutionProperties) = preSolution
		HideSolutionNode = FALSE
	EndGlobalSection
	GlobalSection(ExtensibilityGlobals) = postSolution
		SolutionGuid = {6C2FFF0C-39CE-49CE-9CFC-446E984BB664}
	EndGlobalSection
EndGlobal
